// !$*UTF8*$!
{
	archiveVersion = 1;
	classes = {
	};
	objectVersion = 56;
	objects = {

/* Begin PBXBuildFile section */
		5C2A6A9F2A6695A40023219E /* SwiftUIWithSqliteApp.swift in Sources */ = {isa = PBXBuildFile; fileRef = 5C2A6A9E2A6695A40023219E /* SwiftUIWithSqliteApp.swift */; };
		5C2A6AA12A6695A40023219E /* ContentView.swift in Sources */ = {isa = PBXBuildFile; fileRef = 5C2A6AA02A6695A40023219E /* ContentView.swift */; };
		5C2A6AA32A6695A60023219E /* Assets.xcassets in Resources */ = {isa = PBXBuildFile; fileRef = 5C2A6AA22A6695A60023219E /* Assets.xcassets */; };
		5C2A6AA62A6695A60023219E /* Preview Assets.xcassets in Resources */ = {isa = PBXBuildFile; fileRef = 5C2A6AA52A6695A60023219E /* Preview Assets.xcassets */; };
		5C2A6AAE2A6777430023219E /* Task.swift in Sources */ = {isa = PBXBuildFile; fileRef = 5C2A6AAD2A6777430023219E /* Task.swift */; };
		5C2A6AB12A6777C40023219E /* BikingListViewModel.swift in Sources */ = {isa = PBXBuildFile; fileRef = 5C2A6AB02A6777C40023219E /* BikingListViewModel.swift */; };
		5C2A6AB32A6777F00023219E /* BikingListView.swift in Sources */ = {isa = PBXBuildFile; fileRef = 5C2A6AB22A6777F00023219E /* BikingListView.swift */; };
		5C2A6AB52A677BA00023219E /* BikingStartButton.swift in Sources */ = {isa = PBXBuildFile; fileRef = 5C2A6AB42A677BA00023219E /* BikingStartButton.swift */; };
		5C2A6AB82A6781AB0023219E /* SQLite in Frameworks */ = {isa = PBXBuildFile; productRef = 5C2A6AB72A6781AB0023219E /* SQLite */; };
		5C2A6ABA2A67823E0023219E /* BikingInsertView.swift in Sources */ = {isa = PBXBuildFile; fileRef = 5C2A6AB92A67823E0023219E /* BikingInsertView.swift */; };
		5C2A6AC52A678F940023219E /* BikingInsertViewModel.swift in Sources */ = {isa = PBXBuildFile; fileRef = 5C2A6AC42A678F940023219E /* BikingInsertViewModel.swift */; };
		5C2A6AC82A678FDE0023219E /* BikingDataStore.swift in Sources */ = {isa = PBXBuildFile; fileRef = 5C2A6AC72A678FDE0023219E /* BikingDataStore.swift */; };
		5C82AC0E2A67BDED0098EB4A /* BikingDetailViewModel.swift in Sources */ = {isa = PBXBuildFile; fileRef = 5C82AC0D2A67BDED0098EB4A /* BikingDetailViewModel.swift */; };
		5C82AC102A67BE710098EB4A /* BikingDetailView.swift in Sources */ = {isa = PBXBuildFile; fileRef = 5C82AC0F2A67BE710098EB4A /* BikingDetailView.swift */; };
/* End PBXBuildFile section */

/* Begin PBXFileReference section */
		5C2A6A9B2A6695A40023219E /* SwiftUIWithSqlite.app */ = {isa = PBXFileReference; explicitFileType = wrapper.application; includeInIndex = 0; path = SwiftUIWithSqlite.app; sourceTree = BUILT_PRODUCTS_DIR; };
		5C2A6A9E2A6695A40023219E /* SwiftUIWithSqliteApp.swift */ = {isa = PBXFileReference; lastKnownFileType = sourcecode.swift; path = SwiftUIWithSqliteApp.swift; sourceTree = "<group>"; };
		5C2A6AA02A6695A40023219E /* ContentView.swift */ = {isa = PBXFileReference; lastKnownFileType = sourcecode.swift; path = ContentView.swift; sourceTree = "<group>"; };
		5C2A6AA22A6695A60023219E /* Assets.xcassets */ = {isa = PBXFileReference; lastKnownFileType = folder.assetcatalog; path = Assets.xcassets; sourceTree = "<group>"; };
		5C2A6AA52A6695A60023219E /* Preview Assets.xcassets */ = {isa = PBXFileReference; lastKnownFileType = folder.assetcatalog; path = "Preview Assets.xcassets"; sourceTree = "<group>"; };
		5C2A6AAD2A6777430023219E /* Task.swift */ = {isa = PBXFileReference; lastKnownFileType = sourcecode.swift; path = Task.swift; sourceTree = "<group>"; };
		5C2A6AB02A6777C40023219E /* BikingListViewModel.swift */ = {isa = PBXFileReference; lastKnownFileType = sourcecode.swift; path = BikingListViewModel.swift; sourceTree = "<group>"; };
		5C2A6AB22A6777F00023219E /* BikingListView.swift */ = {isa = PBXFileReference; lastKnownFileType = sourcecode.swift; path = BikingListView.swift; sourceTree = "<group>"; };
		5C2A6AB42A677BA00023219E /* BikingStartButton.swift */ = {isa = PBXFileReference; lastKnownFileType = sourcecode.swift; path = BikingStartButton.swift; sourceTree = "<group>"; };
		5C2A6AB92A67823E0023219E /* BikingInsertView.swift */ = {isa = PBXFileReference; lastKnownFileType = sourcecode.swift; path = BikingInsertView.swift; sourceTree = "<group>"; };
		5C2A6AC42A678F940023219E /* BikingInsertViewModel.swift */ = {isa = PBXFileReference; lastKnownFileType = sourcecode.swift; path = BikingInsertViewModel.swift; sourceTree = "<group>"; };
		5C2A6AC72A678FDE0023219E /* BikingDataStore.swift */ = {isa = PBXFileReference; lastKnownFileType = sourcecode.swift; path = BikingDataStore.swift; sourceTree = "<group>"; };
		5C82AC0D2A67BDED0098EB4A /* BikingDetailViewModel.swift */ = {isa = PBXFileReference; lastKnownFileType = sourcecode.swift; path = BikingDetailViewModel.swift; sourceTree = "<group>"; };
		5C82AC0F2A67BE710098EB4A /* BikingDetailView.swift */ = {isa = PBXFileReference; lastKnownFileType = sourcecode.swift; path = BikingDetailView.swift; sourceTree = "<group>"; };
/* End PBXFileReference section */

/* Begin PBXFrameworksBuildPhase section */
		5C2A6A982A6695A40023219E /* Frameworks */ = {
			isa = PBXFrameworksBuildPhase;
			buildActionMask = 2147483647;
			files = (
				5C2A6AB82A6781AB0023219E /* SQLite in Frameworks */,
			);
			runOnlyForDeploymentPostprocessing = 0;
		};
/* End PBXFrameworksBuildPhase section */

/* Begin PBXGroup section */
		5C2A6A922A6695A40023219E = {
			isa = PBXGroup;
			children = (
				5C2A6A9D2A6695A40023219E /* SwiftUIWithSqlite */,
				5C2A6A9C2A6695A40023219E /* Products */,
			);
			sourceTree = "<group>";
		};
		5C2A6A9C2A6695A40023219E /* Products */ = {
			isa = PBXGroup;
			children = (
				5C2A6A9B2A6695A40023219E /* SwiftUIWithSqlite.app */,
			);
			name = Products;
			sourceTree = "<group>";
		};
		5C2A6A9D2A6695A40023219E /* SwiftUIWithSqlite */ = {
			isa = PBXGroup;
			children = (
				5C2A6AC62A678FD50023219E /* Store */,
				5C82AC0C2A67BC4B0098EB4A /* ViewModel */,
				5C2A6AAF2A6777BD0023219E /* View */,
				5C2A6AAC2A669AD60023219E /* Model */,
				5C2A6A9E2A6695A40023219E /* SwiftUIWithSqliteApp.swift */,
				5C2A6AA02A6695A40023219E /* ContentView.swift */,
				5C2A6AA22A6695A60023219E /* Assets.xcassets */,
				5C2A6AA42A6695A60023219E /* Preview Content */,
			);
			path = SwiftUIWithSqlite;
			sourceTree = "<group>";
		};
		5C2A6AA42A6695A60023219E /* Preview Content */ = {
			isa = PBXGroup;
			children = (
				5C2A6AA52A6695A60023219E /* Preview Assets.xcassets */,
			);
			path = "Preview Content";
			sourceTree = "<group>";
		};
		5C2A6AAC2A669AD60023219E /* Model */ = {
			isa = PBXGroup;
			children = (
				5C2A6AAD2A6777430023219E /* Task.swift */,
			);
			path = Model;
			sourceTree = "<group>";
		};
		5C2A6AAF2A6777BD0023219E /* View */ = {
			isa = PBXGroup;
			children = (
				5C2A6AB22A6777F00023219E /* BikingListView.swift */,
				5C2A6AB42A677BA00023219E /* BikingStartButton.swift */,
				5C2A6AB92A67823E0023219E /* BikingInsertView.swift */,
				5C82AC0F2A67BE710098EB4A /* BikingDetailView.swift */,
			);
			path = View;
			sourceTree = "<group>";
		};
		5C2A6AC62A678FD50023219E /* Store */ = {
			isa = PBXGroup;
			children = (
				5C2A6AC72A678FDE0023219E /* BikingDataStore.swift */,
			);
			path = Store;
			sourceTree = "<group>";
		};
		5C82AC0C2A67BC4B0098EB4A /* ViewModel */ = {
			isa = PBXGroup;
			children = (
				5C2A6AB02A6777C40023219E /* BikingListViewModel.swift */,
				5C2A6AC42A678F940023219E /* BikingInsertViewModel.swift */,
				5C82AC0D2A67BDED0098EB4A /* BikingDetailViewModel.swift */,
			);
			path = ViewModel;
			sourceTree = "<group>";
		};
/* End PBXGroup section */

/* Begin PBXNativeTarget section */
		5C2A6A9A2A6695A40023219E /* SwiftUIWithSqlite */ = {
			isa = PBXNativeTarget;
			buildConfigurationList = 5C2A6AA92A6695A60023219E /* Build configuration list for PBXNativeTarget "SwiftUIWithSqlite" */;
			buildPhases = (
				5C2A6A972A6695A40023219E /* Sources */,
				5C2A6A982A6695A40023219E /* Frameworks */,
				5C2A6A992A6695A40023219E /* Resources */,
			);
			buildRules = (
			);
			dependencies = (
			);
			name = SwiftUIWithSqlite;
			packageProductDependencies = (
				5C2A6AB72A6781AB0023219E /* SQLite */,
			);
			productName = SwiftUIWithSqlite;
			productReference = 5C2A6A9B2A6695A40023219E /* SwiftUIWithSqlite.app */;
			productType = "com.apple.product-type.application";
		};
/* End PBXNativeTarget section */

/* Begin PBXProject section */
		5C2A6A932A6695A40023219E /* Project object */ = {
			isa = PBXProject;
			attributes = {
				BuildIndependentTargetsInParallel = 1;
				LastSwiftUpdateCheck = 1410;
				LastUpgradeCheck = 1410;
				TargetAttributes = {
					5C2A6A9A2A6695A40023219E = {
						CreatedOnToolsVersion = 14.1;
					};
				};
			};
			buildConfigurationList = 5C2A6A962A6695A40023219E /* Build configuration list for PBXProject "SwiftUIWithSqlite" */;
			compatibilityVersion = "Xcode 14.0";
			developmentRegion = en;
			hasScannedForEncodings = 0;
			knownRegions = (
				en,
				Base,
			);
			mainGroup = 5C2A6A922A6695A40023219E;
			packageReferences = (
				5C2A6AB62A6781AB0023219E /* XCRemoteSwiftPackageReference "SQLite.swift" */,
			);
			productRefGroup = 5C2A6A9C2A6695A40023219E /* Products */;
			projectDirPath = "";
			projectRoot = "";
			targets = (
				5C2A6A9A2A6695A40023219E /* SwiftUIWithSqlite */,
			);
		};
/* End PBXProject section */

/* Begin PBXResourcesBuildPhase section */
		5C2A6A992A6695A40023219E /* Resources */ = {
			isa = PBXResourcesBuildPhase;
			buildActionMask = 2147483647;
			files = (
				5C2A6AA62A6695A60023219E /* Preview Assets.xcassets in Resources */,
				5C2A6AA32A6695A60023219E /* Assets.xcassets in Resources */,
			);
			runOnlyForDeploymentPostprocessing = 0;
		};
/* End PBXResourcesBuildPhase section */

/* Begin PBXSourcesBuildPhase section */
		5C2A6A972A6695A40023219E /* Sources */ = {
			isa = PBXSourcesBuildPhase;
			buildActionMask = 2147483647;
			files = (
				5C82AC102A67BE710098EB4A /* BikingDetailView.swift in Sources */,
				5C2A6AB52A677BA00023219E /* BikingStartButton.swift in Sources */,
				5C2A6AA12A6695A40023219E /* ContentView.swift in Sources */,
				5C2A6AB12A6777C40023219E /* BikingListViewModel.swift in Sources */,
				5C2A6ABA2A67823E0023219E /* BikingInsertView.swift in Sources */,
				5C2A6AC52A678F940023219E /* BikingInsertViewModel.swift in Sources */,
				5C2A6AC82A678FDE0023219E /* BikingDataStore.swift in Sources */,
				5C2A6AB32A6777F00023219E /* BikingListView.swift in Sources */,
				5C2A6AAE2A6777430023219E /* Task.swift in Sources */,
				5C82AC0E2A67BDED0098EB4A /* BikingDetailViewModel.swift in Sources */,
				5C2A6A9F2A6695A40023219E /* SwiftUIWithSqliteApp.swift in Sources */,
			);
			runOnlyForDeploymentPostprocessing = 0;
		};
/* End PBXSourcesBuildPhase section */

/* Begin XCBuildConfiguration section */
		5C2A6AA72A6695A60023219E /* Debug */ = {
			isa = XCBuildConfiguration;
			buildSettings = {
				ALWAYS_SEARCH_USER_PATHS = NO;
				CLANG_ANALYZER_NONNULL = YES;
				CLANG_ANALYZER_NUMBER_OBJECT_CONVERSION = YES_AGGRESSIVE;
				CLANG_CXX_LANGUAGE_STANDARD = "gnu++20";
				CLANG_ENABLE_MODULES = YES;
				CLANG_ENABLE_OBJC_ARC = YES;
				CLANG_ENABLE_OBJC_WEAK = YES;
				CLANG_WARN_BLOCK_CAPTURE_AUTORELEASING = YES;
				CLANG_WARN_BOOL_CONVERSION = YES;
				CLANG_WARN_COMMA = YES;
				CLANG_WARN_CONSTANT_CONVERSION = YES;
				CLANG_WARN_DEPRECATED_OBJC_IMPLEMENTATIONS = YES;
				CLANG_WARN_DIRECT_OBJC_ISA_USAGE = YES_ERROR;
				CLANG_WARN_DOCUMENTATION_COMMENTS = YES;
				CLANG_WARN_EMPTY_BODY = YES;
				CLANG_WARN_ENUM_CONVERSION = YES;
				CLANG_WARN_INFINITE_RECURSION = YES;
				CLANG_WARN_INT_CONVERSION = YES;
				CLANG_WARN_NON_LITERAL_NULL_CONVERSION = YES;
				CLANG_WARN_OBJC_IMPLICIT_RETAIN_SELF = YES;
				CLANG_WARN_OBJC_LITERAL_CONVERSION = YES;
				CLANG_WARN_OBJC_ROOT_CLASS = YES_ERROR;
				CLANG_WARN_QUOTED_INCLUDE_IN_FRAMEWORK_HEADER = YES;
				CLANG_WARN_RANGE_LOOP_ANALYSIS = YES;
				CLANG_WARN_STRICT_PROTOTYPES = YES;
				CLANG_WARN_SUSPICIOUS_MOVE = YES;
				CLANG_WARN_UNGUARDED_AVAILABILITY = YES_AGGRESSIVE;
				CLANG_WARN_UNREACHABLE_CODE = YES;
				CLANG_WARN__DUPLICATE_METHOD_MATCH = YES;
				COPY_PHASE_STRIP = NO;
				DEBUG_INFORMATION_FORMAT = dwarf;
				ENABLE_STRICT_OBJC_MSGSEND = YES;
				ENABLE_TESTABILITY = YES;
				GCC_C_LANGUAGE_STANDARD = gnu11;
				GCC_DYNAMIC_NO_PIC = NO;
				GCC_NO_COMMON_BLOCKS = YES;
				GCC_OPTIMIZATION_LEVEL = 0;
				GCC_PREPROCESSOR_DEFINITIONS = (
					"DEBUG=1",
					"$(inherited)",
				);
				GCC_WARN_64_TO_32_BIT_CONVERSION = YES;
				GCC_WARN_ABOUT_RETURN_TYPE = YES_ERROR;
				GCC_WARN_UNDECLARED_SELECTOR = YES;
				GCC_WARN_UNINITIALIZED_AUTOS = YES_AGGRESSIVE;
				GCC_WARN_UNUSED_FUNCTION = YES;
				GCC_WARN_UNUSED_VARIABLE = YES;
				IPHONEOS_DEPLOYMENT_TARGET = 16.1;
				MTL_ENABLE_DEBUG_INFO = INCLUDE_SOURCE;
				MTL_FAST_MATH = YES;
				ONLY_ACTIVE_ARCH = YES;
				SDKROOT = iphoneos;
				SWIFT_ACTIVE_COMPILATION_CONDITIONS = DEBUG;
				SWIFT_OPTIMIZATION_LEVEL = "-Onone";
			};
			name = Debug;
		};
		5C2A6AA82A6695A60023219E /* Release */ = {
			isa = XCBuildConfiguration;
			buildSettings = {
				ALWAYS_SEARCH_USER_PATHS = NO;
				CLANG_ANALYZER_NONNULL = YES;
				CLANG_ANALYZER_NUMBER_OBJECT_CONVERSION = YES_AGGRESSIVE;
				CLANG_CXX_LANGUAGE_STANDARD = "gnu++20";
				CLANG_ENABLE_MODULES = YES;
				CLANG_ENABLE_OBJC_ARC = YES;
				CLANG_ENABLE_OBJC_WEAK = YES;
				CLANG_WARN_BLOCK_CAPTURE_AUTORELEASING = YES;
				CLANG_WARN_BOOL_CONVERSION = YES;
				CLANG_WARN_COMMA = YES;
				CLANG_WARN_CONSTANT_CONVERSION = YES;
				CLANG_WARN_DEPRECATED_OBJC_IMPLEMENTATIONS = YES;
				CLANG_WARN_DIRECT_OBJC_ISA_USAGE = YES_ERROR;
				CLANG_WARN_DOCUMENTATION_COMMENTS = YES;
				CLANG_WARN_EMPTY_BODY = YES;
				CLANG_WARN_ENUM_CONVERSION = YES;
				CLANG_WARN_INFINITE_RECURSION = YES;
				CLANG_WARN_INT_CONVERSION = YES;
				CLANG_WARN_NON_LITERAL_NULL_CONVERSION = YES;
				CLANG_WARN_OBJC_IMPLICIT_RETAIN_SELF = YES;
				CLANG_WARN_OBJC_LITERAL_CONVERSION = YES;
				CLANG_WARN_OBJC_ROOT_CLASS = YES_ERROR;
				CLANG_WARN_QUOTED_INCLUDE_IN_FRAMEWORK_HEADER = YES;
				CLANG_WARN_RANGE_LOOP_ANALYSIS = YES;
				CLANG_WARN_STRICT_PROTOTYPES = YES;
				CLANG_WARN_SUSPICIOUS_MOVE = YES;
				CLANG_WARN_UNGUARDED_AVAILABILITY = YES_AGGRESSIVE;
				CLANG_WARN_UNREACHABLE_CODE = YES;
				CLANG_WARN__DUPLICATE_METHOD_MATCH = YES;
				COPY_PHASE_STRIP = NO;
				DEBUG_INFORMATION_FORMAT = "dwarf-with-dsym";
				ENABLE_NS_ASSERTIONS = NO;
				ENABLE_STRICT_OBJC_MSGSEND = YES;
				GCC_C_LANGUAGE_STANDARD = gnu11;
				GCC_NO_COMMON_BLOCKS = YES;
				GCC_WARN_64_TO_32_BIT_CONVERSION = YES;
				GCC_WARN_ABOUT_RETURN_TYPE = YES_ERROR;
				GCC_WARN_UNDECLARED_SELECTOR = YES;
				GCC_WARN_UNINITIALIZED_AUTOS = YES_AGGRESSIVE;
				GCC_WARN_UNUSED_FUNCTION = YES;
				GCC_WARN_UNUSED_VARIABLE = YES;
				IPHONEOS_DEPLOYMENT_TARGET = 16.1;
				MTL_ENABLE_DEBUG_INFO = NO;
				MTL_FAST_MATH = YES;
				SDKROOT = iphoneos;
				SWIFT_COMPILATION_MODE = wholemodule;
				SWIFT_OPTIMIZATION_LEVEL = "-O";
				VALIDATE_PRODUCT = YES;
			};
			name = Release;
		};
		5C2A6AAA2A6695A60023219E /* Debug */ = {
			isa = XCBuildConfiguration;
			buildSettings = {
				ASSETCATALOG_COMPILER_APPICON_NAME = AppIcon;
				ASSETCATALOG_COMPILER_GLOBAL_ACCENT_COLOR_NAME = AccentColor;
				CODE_SIGN_STYLE = Manual;
				CURRENT_PROJECT_VERSION = 1;
				DEVELOPMENT_ASSET_PATHS = "\"SwiftUIWithSqlite/Preview Content\"";
				DEVELOPMENT_TEAM = "";
				ENABLE_PREVIEWS = YES;
				GENERATE_INFOPLIST_FILE = YES;
				INFOPLIST_KEY_UIApplicationSceneManifest_Generation = YES;
				INFOPLIST_KEY_UIApplicationSupportsIndirectInputEvents = YES;
				INFOPLIST_KEY_UILaunchScreen_Generation = YES;
				INFOPLIST_KEY_UISupportedInterfaceOrientations_iPad = "UIInterfaceOrientationPortrait UIInterfaceOrientationPortraitUpsideDown UIInterfaceOrientationLandscapeLeft UIInterfaceOrientationLandscapeRight";
				INFOPLIST_KEY_UISupportedInterfaceOrientations_iPhone = "UIInterfaceOrientationPortrait UIInterfaceOrientationLandscapeLeft UIInterfaceOrientationLandscapeRight";
				LD_RUNPATH_SEARCH_PATHS = (
					"$(inherited)",
					"@executable_path/Frameworks",
				);
				MARKETING_VERSION = 1.0;
				PRODUCT_BUNDLE_IDENTIFIER = com.mistj.SwiftUIWithSqlite;
				PRODUCT_NAME = "$(TARGET_NAME)";
				PROVISIONING_PROFILE_SPECIFIER = "";
				SWIFT_EMIT_LOC_STRINGS = YES;
				SWIFT_VERSION = 5.0;
				TARGETED_DEVICE_FAMILY = "1,2";
			};
			name = Debug;
		};
		5C2A6AAB2A6695A60023219E /* Release */ = {
			isa = XCBuildConfiguration;
			buildSettings = {
				ASSETCATALOG_COMPILER_APPICON_NAME = AppIcon;
				ASSETCATALOG_COMPILER_GLOBAL_ACCENT_COLOR_NAME = AccentColor;
				CODE_SIGN_STYLE = Manual;
				CURRENT_PROJECT_VERSION = 1;
				DEVELOPMENT_ASSET_PATHS = "\"SwiftUIWithSqlite/Preview Content\"";
				DEVELOPMENT_TEAM = "";
				ENABLE_PREVIEWS = YES;
				GENERATE_INFOPLIST_FILE = YES;
				INFOPLIST_KEY_UIApplicationSceneManifest_Generation = YES;
				INFOPLIST_KEY_UIApplicationSupportsIndirectInputEvents = YES;
				INFOPLIST_KEY_UILaunchScreen_Generation = YES;
				INFOPLIST_KEY_UISupportedInterfaceOrientations_iPad = "UIInterfaceOrientationPortrait UIInterfaceOrientationPortraitUpsideDown UIInterfaceOrientationLandscapeLeft UIInterfaceOrientationLandscapeRight";
				INFOPLIST_KEY_UISupportedInterfaceOrientations_iPhone = "UIInterfaceOrientationPortrait UIInterfaceOrientationLandscapeLeft UIInterfaceOrientationLandscapeRight";
				LD_RUNPATH_SEARCH_PATHS = (
					"$(inherited)",
					"@executable_path/Frameworks",
				);
				MARKETING_VERSION = 1.0;
				PRODUCT_BUNDLE_IDENTIFIER = com.mistj.SwiftUIWithSqlite;
				PRODUCT_NAME = "$(TARGET_NAME)";
				PROVISIONING_PROFILE_SPECIFIER = "";
				SWIFT_EMIT_LOC_STRINGS = YES;
				SWIFT_VERSION = 5.0;
				TARGETED_DEVICE_FAMILY = "1,2";
			};
			name = Release;
		};
/* End XCBuildConfiguration section */

/* Begin XCConfigurationList section */
		5C2A6A962A6695A40023219E /* Build configuration list for PBXProject "SwiftUIWithSqlite" */ = {
			isa = XCConfigurationList;
			buildConfigurations = (
				5C2A6AA72A6695A60023219E /* Debug */,
				5C2A6AA82A6695A60023219E /* Release */,
			);
			defaultConfigurationIsVisible = 0;
			defaultConfigurationName = Release;
		};
		5C2A6AA92A6695A60023219E /* Build configuration list for PBXNativeTarget "SwiftUIWithSqlite" */ = {
			isa = XCConfigurationList;
			buildConfigurations = (
				5C2A6AAA2A6695A60023219E /* Debug */,
				5C2A6AAB2A6695A60023219E /* Release */,
			);
			defaultConfigurationIsVisible = 0;
			defaultConfigurationName = Release;
		};
/* End XCConfigurationList section */

/* Begin XCRemoteSwiftPackageReference section */
		5C2A6AB62A6781AB0023219E /* XCRemoteSwiftPackageReference "SQLite.swift" */ = {
			isa = XCRemoteSwiftPackageReference;
			repositoryURL = "https://github.com/stephencelis/SQLite.swift.git";
			requirement = {
				kind = upToNextMajorVersion;
				minimumVersion = 0.9.2;
			};
		};
/* End XCRemoteSwiftPackageReference section */

/* Begin XCSwiftPackageProductDependency section */
		5C2A6AB72A6781AB0023219E /* SQLite */ = {
			isa = XCSwiftPackageProductDependency;
			package = 5C2A6AB62A6781AB0023219E /* XCRemoteSwiftPackageReference "SQLite.swift" */;
			productName = SQLite;
		};
/* End XCSwiftPackageProductDependency section */
	};
	rootObject = 5C2A6A932A6695A40023219E /* Project object */;
}
